Microsoft Visual Studio Solution File, Format Version 12.00
# Visual Studio Version 17
VisualStudioVersion = 17.5.2.0
MinimumVisualStudioVersion = 10.0.40219.1
Project("{FAE04EC0-301F-11D3-BF4B-00C04F79EFBC}") = "radibate-backend", "radibate-backend.csproj", "{D921E431-840E-9CDB-872A-FC4B50F0852E}"
EndProject
Global
	GlobalSection(SolutionConfigurationPlatforms) = preSolution
		Debug|Any CPU = Debug|Any CPU
		Release|Any CPU = Release|Any CPU
	EndGlobalSection
	GlobalSection(ProjectConfigurationPlatforms) = postSolution
		{D921E431-840E-9CDB-872A-FC4B50F0852E}.Debug|Any CPU.ActiveCfg = Debug|Any CPU
		{D921E431-840E-9CDB-872A-FC4B50F0852E}.Debug|Any CPU.Build.0 = Debug|Any CPU
		{D921E431-840E-9CDB-872A-FC4B50F0852E}.Release|Any CPU.ActiveCfg = Release|Any CPU
		{D921E431-840E-9CDB-872A-FC4B50F0852E}.Release|Any CPU.Build.0 = Release|Any CPU
	EndGlobalSection
	GlobalSection(SolutionProperties) = preSolution
		HideSolutionNode = FALSE
	EndGlobalSection
	GlobalSection(ExtensibilityGlobals) = postSolution
		SolutionGuid = {43D1EAB6-766A-4AE7-A1CD-5410B2B1751E}
	EndGlobalSection
EndGlobal
